// !$*UTF8*$!
{
	archiveVersion = 1;
	classes = {
	};
	objectVersion = 48;
	objects = {

/* Begin PBXBuildFile section */
		149A27F220A49F6800BB860F /* AppDelegate.swift in Sources */ = {isa = PBXBuildFile; fileRef = 149A27F120A49F6800BB860F /* AppDelegate.swift */; };
		149A27F420A49F6900BB860F /* ViewController.swift in Sources */ = {isa = PBXBuildFile; fileRef = 149A27F320A49F6900BB860F /* ViewController.swift */; };
		149A27F720A49F6900BB860F /* Main.storyboard in Resources */ = {isa = PBXBuildFile; fileRef = 149A27F520A49F6900BB860F /* Main.storyboard */; };
		149A27F920A49F6900BB860F /* Assets.xcassets in Resources */ = {isa = PBXBuildFile; fileRef = 149A27F820A49F6900BB860F /* Assets.xcassets */; };
		149A27FC20A49F6900BB860F /* LaunchScreen.storyboard in Resources */ = {isa = PBXBuildFile; fileRef = 149A27FA20A49F6900BB860F /* LaunchScreen.storyboard */; };
		14BFC8B820A95B1800015F47 /* leftView.swift in Sources */ = {isa = PBXBuildFile; fileRef = 14BFC8B620A95B1800015F47 /* leftView.swift */; };
		14BFC8B920A95B1800015F47 /* leftView.xib in Resources */ = {isa = PBXBuildFile; fileRef = 14BFC8B720A95B1800015F47 /* leftView.xib */; };
		14BFC8BC20A95B2900015F47 /* rightView.swift in Sources */ = {isa = PBXBuildFile; fileRef = 14BFC8BA20A95B2900015F47 /* rightView.swift */; };
		14BFC8BD20A95B2900015F47 /* rightView.xib in Resources */ = {isa = PBXBuildFile; fileRef = 14BFC8BB20A95B2900015F47 /* rightView.xib */; };
		14BFC8C020A95D7700015F47 /* CameraView.swift in Sources */ = {isa = PBXBuildFile; fileRef = 14BFC8BE20A95D7700015F47 /* CameraView.swift */; };
		14BFC8C120A95D7700015F47 /* CameraView.xib in Resources */ = {isa = PBXBuildFile; fileRef = 14BFC8BF20A95D7700015F47 /* CameraView.xib */; };
/* End PBXBuildFile section */

/* Begin PBXFileReference section */
		149A27EE20A49F6800BB860F /* [4]SnapChatMenu.app */ = {isa = PBXFileReference; explicitFileType = wrapper.application; includeInIndex = 0; path = "[4]SnapChatMenu.app"; sourceTree = BUILT_PRODUCTS_DIR; };
		149A27F120A49F6800BB860F /* AppDelegate.swift */ = {isa = PBXFileReference; lastKnownFileType = sourcecode.swift; path = AppDelegate.swift; sourceTree = "<group>"; };
		149A27F320A49F6900BB860F /* ViewController.swift */ = {isa = PBXFileReference; lastKnownFileType = sourcecode.swift; path = ViewController.swift; sourceTree = "<group>"; };
		149A27F620A49F6900BB860F /* Base */ = {isa = PBXFileReference; lastKnownFileType = file.storyboard; name = Base; path = Base.lproj/Main.storyboard; sourceTree = "<group>"; };
		149A27F820A49F6900BB860F /* Assets.xcassets */ = {isa = PBXFileReference; lastKnownFileType = folder.assetcatalog; path = Assets.xcassets; sourceTree = "<group>"; };
		149A27FB20A49F6900BB860F /* Base */ = {isa = PBXFileReference; lastKnownFileType = file.storyboard; name = Base; path = Base.lproj/LaunchScreen.storyboard; sourceTree = "<group>"; };
		149A27FD20A49F6900BB860F /* Info.plist */ = {isa = PBXFileReference; lastKnownFileType = text.plist.xml; path = Info.plist; sourceTree = "<group>"; };
		14BFC8B620A95B1800015F47 /* leftView.swift */ = {isa = PBXFileReference; lastKnownFileType = sourcecode.swift; path = leftView.swift; sourceTree = "<group>"; };
		14BFC8B720A95B1800015F47 /* leftView.xib */ = {isa = PBXFileReference; lastKnownFileType = file.xib; path = leftView.xib; sourceTree = "<group>"; };
		14BFC8BA20A95B2900015F47 /* rightView.swift */ = {isa = PBXFileReference; lastKnownFileType = sourcecode.swift; path = rightView.swift; sourceTree = "<group>"; };
		14BFC8BB20A95B2900015F47 /* rightView.xib */ = {isa = PBXFileReference; lastKnownFileType = file.xib; path = rightView.xib; sourceTree = "<group>"; };
		14BFC8BE20A95D7700015F47 /* CameraView.swift */ = {isa = PBXFileReference; lastKnownFileType = sourcecode.swift; path = CameraView.swift; sourceTree = "<group>"; };
		14BFC8BF20A95D7700015F47 /* CameraView.xib */ = {isa = PBXFileReference; lastKnownFileType = file.xib; path = CameraView.xib; sourceTree = "<group>"; };
/* End PBXFileReference section */

/* Begin PBXFrameworksBuildPhase section */
		149A27EB20A49F6800BB860F /* Frameworks */ = {
			isa = PBXFrameworksBuildPhase;
			buildActionMask = 2147483647;
			files = (
			);
			runOnlyForDeploymentPostprocessing = 0;
		};
/* End PBXFrameworksBuildPhase section */

/* Begin PBXGroup section */
		149A27E520A49F6800BB860F = {
			isa = PBXGroup;
			children = (
				149A27F020A49F6800BB860F /* [4]SnapChatMenu */,
				149A27EF20A49F6800BB860F /* Products */,
			);
			sourceTree = "<group>";
		};
		149A27EF20A49F6800BB860F /* Products */ = {
			isa = PBXGroup;
			children = (
				149A27EE20A49F6800BB860F /* [4]SnapChatMenu.app */,
			);
			name = Products;
			sourceTree = "<group>";
		};
		149A27F020A49F6800BB860F /* [4]SnapChatMenu */ = {
			isa = PBXGroup;
			children = (
				149A27F120A49F6800BB860F /* AppDelegate.swift */,
				149A27F320A49F6900BB860F /* ViewController.swift */,
				14BFC8BE20A95D7700015F47 /* CameraView.swift */,
				14BFC8BF20A95D7700015F47 /* CameraView.xib */,
				14BFC8B620A95B1800015F47 /* leftView.swift */,
				14BFC8B720A95B1800015F47 /* leftView.xib */,
				14BFC8BA20A95B2900015F47 /* rightView.swift */,
				14BFC8BB20A95B2900015F47 /* rightView.xib */,
				149A27F520A49F6900BB860F /* Main.storyboard */,
				149A27F820A49F6900BB860F /* Assets.xcassets */,
				149A27FA20A49F6900BB860F /* LaunchScreen.storyboard */,
				149A27FD20A49F6900BB860F /* Info.plist */,
			);
			path = "[4]SnapChatMenu";
			sourceTree = "<group>";
		};
/* End PBXGroup section */

/* Begin PBXNativeTarget section */
		149A27ED20A49F6800BB860F /* [4]SnapChatMenu */ = {
			isa = PBXNativeTarget;
			buildConfigurationList = 149A280020A49F6900BB860F /* Build configuration list for PBXNativeTarget "[4]SnapChatMenu" */;
			buildPhases = (
				149A27EA20A49F6800BB860F /* Sources */,
				149A27EB20A49F6800BB860F /* Frameworks */,
				149A27EC20A49F6800BB860F /* Resources */,
			);
			buildRules = (
			);
			dependencies = (
			);
			name = "[4]SnapChatMenu";
			productName = "[4]SnapChatMenu";
			productReference = 149A27EE20A49F6800BB860F /* [4]SnapChatMenu.app */;
			productType = "com.apple.product-type.application";
		};
/* End PBXNativeTarget section */

/* Begin PBXProject section */
		149A27E620A49F6800BB860F /* Project object */ = {
			isa = PBXProject;
			attributes = {
				LastSwiftUpdateCheck = 0920;
				LastUpgradeCheck = 0920;
				ORGANIZATIONNAME = "侯伟杰";
				TargetAttributes = {
					149A27ED20A49F6800BB860F = {
						CreatedOnToolsVersion = 9.2;
						ProvisioningStyle = Automatic;
					};
				};
			};
			buildConfigurationList = 149A27E920A49F6800BB860F /* Build configuration list for PBXProject "[4]SnapChatMenu" */;
			compatibilityVersion = "Xcode 8.0";
			developmentRegion = en;
			hasScannedForEncodings = 0;
			knownRegions = (
				en,
				Base,
			);
			mainGroup = 149A27E520A49F6800BB860F;
			productRefGroup = 149A27EF20A49F6800BB860F /* Products */;
			projectDirPath = "";
			projectRoot = "";
			targets = (
				149A27ED20A49F6800BB860F /* [4]SnapChatMenu */,
			);
		};
/* End PBXProject section */

/* Begin PBXResourcesBuildPhase section */
		149A27EC20A49F6800BB860F /* Resources */ = {
			isa = PBXResourcesBuildPhase;
			buildActionMask = 2147483647;
			files = (
				149A27FC20A49F6900BB860F /* LaunchScreen.storyboard in Resources */,
				149A27F920A49F6900BB860F /* Assets.xcassets in Resources */,
				14BFC8BD20A95B2900015F47 /* rightView.xib in Resources */,
				14BFC8C120A95D7700015F47 /* CameraView.xib in Resources */,
				149A27F720A49F6900BB860F /* Main.storyboard in Resources */,
				14BFC8B920A95B1800015F47 /* leftView.xib in Resources */,
			);
			runOnlyForDeploymentPostprocessing = 0;
		};
/* End PBXResourcesBuildPhase section */

/* Begin PBXSourcesBuildPhase section */
		149A27EA20A49F6800BB860F /* Sources */ = {
			isa = PBXSourcesBuildPhase;
			buildActionMask = 2147483647;
			files = (
				149A27F420A49F6900BB860F /* ViewController.swift in Sources */,
				14BFC8B820A95B1800015F47 /* leftView.swift in Sources */,
				149A27F220A49F6800BB860F /* AppDelegate.swift in Sources */,
				14BFC8C020A95D7700015F47 /* CameraView.swift in Sources */,
				14BFC8BC20A95B2900015F47 /* rightView.swift in Sources */,
			);
			runOnlyForDeploymentPostprocessing = 0;
		};
/* End PBXSourcesBuildPhase section */

/* Begin PBXVariantGroup section */
		149A27F520A49F6900BB860F /* Main.storyboard */ = {
			isa = PBXVariantGroup;
			children = (
				149A27F620A49F6900BB860F /* Base */,
			);
			name = Main.storyboard;
			sourceTree = "<group>";
		};
		149A27FA20A49F6900BB860F /* LaunchScreen.storyboard */ = {
			isa = PBXVariantGroup;
			children = (
				149A27FB20A49F6900BB860F /* Base */,
			);
			name = LaunchScreen.storyboard;
			sourceTree = "<group>";
		};
/* End PBXVariantGroup section */

/* Begin XCBuildConfiguration section */
		149A27FE20A49F6900BB860F /* Debug */ = {
			isa = XCBuildConfiguration;
			buildSettings = {
				ALWAYS_SEARCH_USER_PATHS = NO;
				CLANG_ANALYZER_NONNULL = YES;
				CLANG_ANALYZER_NUMBER_OBJECT_CONVERSION = YES_AGGRESSIVE;
				CLANG_CXX_LANGUAGE_STANDARD = "gnu++14";
				CLANG_CXX_LIBRARY = "libc++";
				CLANG_ENABLE_MODULES = YES;
				CLANG_ENABLE_OBJC_ARC = YES;
				CLANG_WARN_BLOCK_CAPTURE_AUTORELEASING = YES;
				CLANG_WARN_BOOL_CONVERSION = YES;
				CLANG_WARN_COMMA = YES;
				CLANG_WARN_CONSTANT_CONVERSION = YES;
				CLANG_WARN_DIRECT_OBJC_ISA_USAGE = YES_ERROR;
				CLANG_WARN_DOCUMENTATION_COMMENTS = YES;
				CLANG_WARN_EMPTY_BODY = YES;
				CLANG_WARN_ENUM_CONVERSION = YES;
				CLANG_WARN_INFINITE_RECURSION = YES;
				CLANG_WARN_INT_CONVERSION = YES;
				CLANG_WARN_NON_LITERAL_NULL_CONVERSION = YES;
				CLANG_WARN_OBJC_LITERAL_CONVERSION = YES;
				CLANG_WARN_OBJC_ROOT_CLASS = YES_ERROR;
				CLANG_WARN_RANGE_LOOP_ANALYSIS = YES;
				CLANG_WARN_STRICT_PROTOTYPES = YES;
				CLANG_WARN_SUSPICIOUS_MOVE = YES;
				CLANG_WARN_UNGUARDED_AVAILABILITY = YES_AGGRESSIVE;
				CLANG_WARN_UNREACHABLE_CODE = YES;
				CLANG_WARN__DUPLICATE_METHOD_MATCH = YES;
				CODE_SIGN_IDENTITY = "iPhone Developer";
				COPY_PHASE_STRIP = NO;
				DEBUG_INFORMATION_FORMAT = dwarf;
				ENABLE_STRICT_OBJC_MSGSEND = YES;
				ENABLE_TESTABILITY = YES;
				GCC_C_LANGUAGE_STANDARD = gnu11;
				GCC_DYNAMIC_NO_PIC = NO;
				GCC_NO_COMMON_BLOCKS = YES;
				GCC_OPTIMIZATION_LEVEL = 0;
				GCC_PREPROCESSOR_DEFINITIONS = (
					"DEBUG=1",
					"$(inherited)",
				);
				GCC_WARN_64_TO_32_BIT_CONVERSION = YES;
				GCC_WARN_ABOUT_RETURN_TYPE = YES_ERROR;
				GCC_WARN_UNDECLARED_SELECTOR = YES;
				GCC_WARN_UNINITIALIZED_AUTOS = YES_AGGRESSIVE;
				GCC_WARN_UNUSED_FUNCTION = YES;
				GCC_WARN_UNUSED_VARIABLE = YES;
				IPHONEOS_DEPLOYMENT_TARGET = 11.2;
				MTL_ENABLE_DEBUG_INFO = YES;
				ONLY_ACTIVE_ARCH = YES;
				SDKROOT = iphoneos;
				SWIFT_ACTIVE_COMPILATION_CONDITIONS = DEBUG;
				SWIFT_OPTIMIZATION_LEVEL = "-Onone";
			};
			name = Debug;
		};
		149A27FF20A49F6900BB860F /* Release */ = {
			isa = XCBuildConfiguration;
			buildSettings = {
				ALWAYS_SEARCH_USER_PATHS = NO;
				CLANG_ANALYZER_NONNULL = YES;
				CLANG_ANALYZER_NUMBER_OBJECT_CONVERSION = YES_AGGRESSIVE;
				CLANG_CXX_LANGUAGE_STANDARD = "gnu++14";
				CLANG_CXX_LIBRARY = "libc++";
				CLANG_ENABLE_MODULES = YES;
				CLANG_ENABLE_OBJC_ARC = YES;
				CLANG_WARN_BLOCK_CAPTURE_AUTORELEASING = YES;
				CLANG_WARN_BOOL_CONVERSION = YES;
				CLANG_WARN_COMMA = YES;
				CLANG_WARN_CONSTANT_CONVERSION = YES;
				CLANG_WARN_DIRECT_OBJC_ISA_USAGE = YES_ERROR;
				CLANG_WARN_DOCUMENTATION_COMMENTS = YES;
				CLANG_WARN_EMPTY_BODY = YES;
				CLANG_WARN_ENUM_CONVERSION = YES;
				CLANG_WARN_INFINITE_RECURSION = YES;
				CLANG_WARN_INT_CONVERSION = YES;
				CLANG_WARN_NON_LITERAL_NULL_CONVERSION = YES;
				CLANG_WARN_OBJC_LITERAL_CONVERSION = YES;
				CLANG_WARN_OBJC_ROOT_CLASS = YES_ERROR;
				CLANG_WARN_RANGE_LOOP_ANALYSIS = YES;
				CLANG_WARN_STRICT_PROTOTYPES = YES;
				CLANG_WARN_SUSPICIOUS_MOVE = YES;
				CLANG_WARN_UNGUARDED_AVAILABILITY = YES_AGGRESSIVE;
				CLANG_WARN_UNREACHABLE_CODE = YES;
				CLANG_WARN__DUPLICATE_METHOD_MATCH = YES;
				CODE_SIGN_IDENTITY = "iPhone Developer";
				COPY_PHASE_STRIP = NO;
				DEBUG_INFORMATION_FORMAT = "dwarf-with-dsym";
				ENABLE_NS_ASSERTIONS = NO;
				ENABLE_STRICT_OBJC_MSGSEND = YES;
				GCC_C_LANGUAGE_STANDARD = gnu11;
				GCC_NO_COMMON_BLOCKS = YES;
				GCC_WARN_64_TO_32_BIT_CONVERSION = YES;
				GCC_WARN_ABOUT_RETURN_TYPE = YES_ERROR;
				GCC_WARN_UNDECLARED_SELECTOR = YES;
				GCC_WARN_UNINITIALIZED_AUTOS = YES_AGGRESSIVE;
				GCC_WARN_UNUSED_FUNCTION = YES;
				GCC_WARN_UNUSED_VARIABLE = YES;
				IPHONEOS_DEPLOYMENT_TARGET = 11.2;
				MTL_ENABLE_DEBUG_INFO = NO;
				SDKROOT = iphoneos;
				SWIFT_OPTIMIZATION_LEVEL = "-Owholemodule";
				VALIDATE_PRODUCT = YES;
			};
			name = Release;
		};
		149A280120A49F6900BB860F /* Debug */ = {
			isa = XCBuildConfiguration;
			buildSettings = {
				ASSETCATALOG_COMPILER_APPICON_NAME = AppIcon;
				CODE_SIGN_STYLE = Automatic;
				DEVELOPMENT_TEAM = UGLEXXUKNA;
				INFOPLIST_FILE = "[4]SnapChatMenu/Info.plist";
				LD_RUNPATH_SEARCH_PATHS = "$(inherited) @executable_path/Frameworks";
				PRODUCT_BUNDLE_IDENTIFIER = "io.github.kaqijiang.-4-SnapChatMenu";
				PRODUCT_NAME = "$(TARGET_NAME)";
				SWIFT_VERSION = 4.0;
				TARGETED_DEVICE_FAMILY = "1,2";
			};
			name = Debug;
		};
		149A280220A49F6900BB860F /* Release */ = {
			isa = XCBuildConfiguration;
			buildSettings = {
				ASSETCATALOG_COMPILER_APPICON_NAME = AppIcon;
				CODE_SIGN_STYLE = Automatic;
				DEVELOPMENT_TEAM = UGLEXXUKNA;
				INFOPLIST_FILE = "[4]SnapChatMenu/Info.plist";
				LD_RUNPATH_SEARCH_PATHS = "$(inherited) @executable_path/Frameworks";
				PRODUCT_BUNDLE_IDENTIFIER = "io.github.kaqijiang.-4-SnapChatMenu";
				PRODUCT_NAME = "$(TARGET_NAME)";
				SWIFT_VERSION = 4.0;
				TARGETED_DEVICE_FAMILY = "1,2";
			};
			name = Release;
		};
/* End XCBuildConfiguration section */

/* Begin XCConfigurationList section */
		149A27E920A49F6800BB860F /* Build configuration list for PBXProject "[4]SnapChatMenu" */ = {
			isa = XCConfigurationList;
			buildConfigurations = (
				149A27FE20A49F6900BB860F /* Debug */,
				149A27FF20A49F6900BB860F /* Release */,
			);
			defaultConfigurationIsVisible = 0;
			defaultConfigurationName = Release;
		};
		149A280020A49F6900BB860F /* Build configuration list for PBXNativeTarget "[4]SnapChatMenu" */ = {
			isa = XCConfigurationList;
			buildConfigurations = (
				149A280120A49F6900BB860F /* Debug */,
				149A280220A49F6900BB860F /* Release */,
			);
			defaultConfigurationIsVisible = 0;
			defaultConfigurationName = Release;
		};
/* End XCConfigurationList section */
	};
	rootObject = 149A27E620A49F6800BB860F /* Project object */;
}
