// !$*UTF8*$!
{
	archiveVersion = 1;
	classes = {
	};
	objectVersion = 48;
	objects = {

/* Begin PBXBuildFile section */
		14FF051320B6F9AC00AA35B0 /* AppDelegate.swift in Sources */ = {isa = PBXBuildFile; fileRef = 14FF051220B6F9AC00AA35B0 /* AppDelegate.swift */; };
		14FF051520B6F9AC00AA35B0 /* ViewController.swift in Sources */ = {isa = PBXBuildFile; fileRef = 14FF051420B6F9AC00AA35B0 /* ViewController.swift */; };
		14FF051820B6F9AC00AA35B0 /* Main.storyboard in Resources */ = {isa = PBXBuildFile; fileRef = 14FF051620B6F9AC00AA35B0 /* Main.storyboard */; };
		14FF051A20B6F9AC00AA35B0 /* Assets.xcassets in Resources */ = {isa = PBXBuildFile; fileRef = 14FF051920B6F9AC00AA35B0 /* Assets.xcassets */; };
		14FF051D20B6F9AC00AA35B0 /* LaunchScreen.storyboard in Resources */ = {isa = PBXBuildFile; fileRef = 14FF051B20B6F9AC00AA35B0 /* LaunchScreen.storyboard */; };
/* End PBXBuildFile section */

/* Begin PBXFileReference section */
		14FF050F20B6F9AC00AA35B0 /* [8]pulltorefresh.app */ = {isa = PBXFileReference; explicitFileType = wrapper.application; includeInIndex = 0; path = "[8]pulltorefresh.app"; sourceTree = BUILT_PRODUCTS_DIR; };
		14FF051220B6F9AC00AA35B0 /* AppDelegate.swift */ = {isa = PBXFileReference; lastKnownFileType = sourcecode.swift; path = AppDelegate.swift; sourceTree = "<group>"; };
		14FF051420B6F9AC00AA35B0 /* ViewController.swift */ = {isa = PBXFileReference; lastKnownFileType = sourcecode.swift; path = ViewController.swift; sourceTree = "<group>"; };
		14FF051720B6F9AC00AA35B0 /* Base */ = {isa = PBXFileReference; lastKnownFileType = file.storyboard; name = Base; path = Base.lproj/Main.storyboard; sourceTree = "<group>"; };
		14FF051920B6F9AC00AA35B0 /* Assets.xcassets */ = {isa = PBXFileReference; lastKnownFileType = folder.assetcatalog; path = Assets.xcassets; sourceTree = "<group>"; };
		14FF051C20B6F9AC00AA35B0 /* Base */ = {isa = PBXFileReference; lastKnownFileType = file.storyboard; name = Base; path = Base.lproj/LaunchScreen.storyboard; sourceTree = "<group>"; };
		14FF051E20B6F9AC00AA35B0 /* Info.plist */ = {isa = PBXFileReference; lastKnownFileType = text.plist.xml; path = Info.plist; sourceTree = "<group>"; };
/* End PBXFileReference section */

/* Begin PBXFrameworksBuildPhase section */
		14FF050C20B6F9AC00AA35B0 /* Frameworks */ = {
			isa = PBXFrameworksBuildPhase;
			buildActionMask = 2147483647;
			files = (
			);
			runOnlyForDeploymentPostprocessing = 0;
		};
/* End PBXFrameworksBuildPhase section */

/* Begin PBXGroup section */
		14FF050620B6F9AC00AA35B0 = {
			isa = PBXGroup;
			children = (
				14FF051120B6F9AC00AA35B0 /* [8]pulltorefresh */,
				14FF051020B6F9AC00AA35B0 /* Products */,
			);
			sourceTree = "<group>";
		};
		14FF051020B6F9AC00AA35B0 /* Products */ = {
			isa = PBXGroup;
			children = (
				14FF050F20B6F9AC00AA35B0 /* [8]pulltorefresh.app */,
			);
			name = Products;
			sourceTree = "<group>";
		};
		14FF051120B6F9AC00AA35B0 /* [8]pulltorefresh */ = {
			isa = PBXGroup;
			children = (
				14FF051220B6F9AC00AA35B0 /* AppDelegate.swift */,
				14FF051420B6F9AC00AA35B0 /* ViewController.swift */,
				14FF051620B6F9AC00AA35B0 /* Main.storyboard */,
				14FF051920B6F9AC00AA35B0 /* Assets.xcassets */,
				14FF051B20B6F9AC00AA35B0 /* LaunchScreen.storyboard */,
				14FF051E20B6F9AC00AA35B0 /* Info.plist */,
			);
			path = "[8]pulltorefresh";
			sourceTree = "<group>";
		};
/* End PBXGroup section */

/* Begin PBXNativeTarget section */
		14FF050E20B6F9AC00AA35B0 /* [8]pulltorefresh */ = {
			isa = PBXNativeTarget;
			buildConfigurationList = 14FF052120B6F9AC00AA35B0 /* Build configuration list for PBXNativeTarget "[8]pulltorefresh" */;
			buildPhases = (
				14FF050B20B6F9AC00AA35B0 /* Sources */,
				14FF050C20B6F9AC00AA35B0 /* Frameworks */,
				14FF050D20B6F9AC00AA35B0 /* Resources */,
			);
			buildRules = (
			);
			dependencies = (
			);
			name = "[8]pulltorefresh";
			productName = "[8]pulltorefresh";
			productReference = 14FF050F20B6F9AC00AA35B0 /* [8]pulltorefresh.app */;
			productType = "com.apple.product-type.application";
		};
/* End PBXNativeTarget section */

/* Begin PBXProject section */
		14FF050720B6F9AC00AA35B0 /* Project object */ = {
			isa = PBXProject;
			attributes = {
				LastSwiftUpdateCheck = 0920;
				LastUpgradeCheck = 0920;
				ORGANIZATIONNAME = "侯伟杰";
				TargetAttributes = {
					14FF050E20B6F9AC00AA35B0 = {
						CreatedOnToolsVersion = 9.2;
						ProvisioningStyle = Automatic;
					};
				};
			};
			buildConfigurationList = 14FF050A20B6F9AC00AA35B0 /* Build configuration list for PBXProject "[8]pulltorefresh" */;
			compatibilityVersion = "Xcode 8.0";
			developmentRegion = en;
			hasScannedForEncodings = 0;
			knownRegions = (
				en,
				Base,
			);
			mainGroup = 14FF050620B6F9AC00AA35B0;
			productRefGroup = 14FF051020B6F9AC00AA35B0 /* Products */;
			projectDirPath = "";
			projectRoot = "";
			targets = (
				14FF050E20B6F9AC00AA35B0 /* [8]pulltorefresh */,
			);
		};
/* End PBXProject section */

/* Begin PBXResourcesBuildPhase section */
		14FF050D20B6F9AC00AA35B0 /* Resources */ = {
			isa = PBXResourcesBuildPhase;
			buildActionMask = 2147483647;
			files = (
				14FF051D20B6F9AC00AA35B0 /* LaunchScreen.storyboard in Resources */,
				14FF051A20B6F9AC00AA35B0 /* Assets.xcassets in Resources */,
				14FF051820B6F9AC00AA35B0 /* Main.storyboard in Resources */,
			);
			runOnlyForDeploymentPostprocessing = 0;
		};
/* End PBXResourcesBuildPhase section */

/* Begin PBXSourcesBuildPhase section */
		14FF050B20B6F9AC00AA35B0 /* Sources */ = {
			isa = PBXSourcesBuildPhase;
			buildActionMask = 2147483647;
			files = (
				14FF051520B6F9AC00AA35B0 /* ViewController.swift in Sources */,
				14FF051320B6F9AC00AA35B0 /* AppDelegate.swift in Sources */,
			);
			runOnlyForDeploymentPostprocessing = 0;
		};
/* End PBXSourcesBuildPhase section */

/* Begin PBXVariantGroup section */
		14FF051620B6F9AC00AA35B0 /* Main.storyboard */ = {
			isa = PBXVariantGroup;
			children = (
				14FF051720B6F9AC00AA35B0 /* Base */,
			);
			name = Main.storyboard;
			sourceTree = "<group>";
		};
		14FF051B20B6F9AC00AA35B0 /* LaunchScreen.storyboard */ = {
			isa = PBXVariantGroup;
			children = (
				14FF051C20B6F9AC00AA35B0 /* Base */,
			);
			name = LaunchScreen.storyboard;
			sourceTree = "<group>";
		};
/* End PBXVariantGroup section */

/* Begin XCBuildConfiguration section */
		14FF051F20B6F9AC00AA35B0 /* Debug */ = {
			isa = XCBuildConfiguration;
			buildSettings = {
				ALWAYS_SEARCH_USER_PATHS = NO;
				CLANG_ANALYZER_NONNULL = YES;
				CLANG_ANALYZER_NUMBER_OBJECT_CONVERSION = YES_AGGRESSIVE;
				CLANG_CXX_LANGUAGE_STANDARD = "gnu++14";
				CLANG_CXX_LIBRARY = "libc++";
				CLANG_ENABLE_MODULES = YES;
				CLANG_ENABLE_OBJC_ARC = YES;
				CLANG_WARN_BLOCK_CAPTURE_AUTORELEASING = YES;
				CLANG_WARN_BOOL_CONVERSION = YES;
				CLANG_WARN_COMMA = YES;
				CLANG_WARN_CONSTANT_CONVERSION = YES;
				CLANG_WARN_DIRECT_OBJC_ISA_USAGE = YES_ERROR;
				CLANG_WARN_DOCUMENTATION_COMMENTS = YES;
				CLANG_WARN_EMPTY_BODY = YES;
				CLANG_WARN_ENUM_CONVERSION = YES;
				CLANG_WARN_INFINITE_RECURSION = YES;
				CLANG_WARN_INT_CONVERSION = YES;
				CLANG_WARN_NON_LITERAL_NULL_CONVERSION = YES;
				CLANG_WARN_OBJC_LITERAL_CONVERSION = YES;
				CLANG_WARN_OBJC_ROOT_CLASS = YES_ERROR;
				CLANG_WARN_RANGE_LOOP_ANALYSIS = YES;
				CLANG_WARN_STRICT_PROTOTYPES = YES;
				CLANG_WARN_SUSPICIOUS_MOVE = YES;
				CLANG_WARN_UNGUARDED_AVAILABILITY = YES_AGGRESSIVE;
				CLANG_WARN_UNREACHABLE_CODE = YES;
				CLANG_WARN__DUPLICATE_METHOD_MATCH = YES;
				CODE_SIGN_IDENTITY = "iPhone Developer";
				COPY_PHASE_STRIP = NO;
				DEBUG_INFORMATION_FORMAT = dwarf;
				ENABLE_STRICT_OBJC_MSGSEND = YES;
				ENABLE_TESTABILITY = YES;
				GCC_C_LANGUAGE_STANDARD = gnu11;
				GCC_DYNAMIC_NO_PIC = NO;
				GCC_NO_COMMON_BLOCKS = YES;
				GCC_OPTIMIZATION_LEVEL = 0;
				GCC_PREPROCESSOR_DEFINITIONS = (
					"DEBUG=1",
					"$(inherited)",
				);
				GCC_WARN_64_TO_32_BIT_CONVERSION = YES;
				GCC_WARN_ABOUT_RETURN_TYPE = YES_ERROR;
				GCC_WARN_UNDECLARED_SELECTOR = YES;
				GCC_WARN_UNINITIALIZED_AUTOS = YES_AGGRESSIVE;
				GCC_WARN_UNUSED_FUNCTION = YES;
				GCC_WARN_UNUSED_VARIABLE = YES;
				IPHONEOS_DEPLOYMENT_TARGET = 11.2;
				MTL_ENABLE_DEBUG_INFO = YES;
				ONLY_ACTIVE_ARCH = YES;
				SDKROOT = iphoneos;
				SWIFT_ACTIVE_COMPILATION_CONDITIONS = DEBUG;
				SWIFT_OPTIMIZATION_LEVEL = "-Onone";
			};
			name = Debug;
		};
		14FF052020B6F9AC00AA35B0 /* Release */ = {
			isa = XCBuildConfiguration;
			buildSettings = {
				ALWAYS_SEARCH_USER_PATHS = NO;
				CLANG_ANALYZER_NONNULL = YES;
				CLANG_ANALYZER_NUMBER_OBJECT_CONVERSION = YES_AGGRESSIVE;
				CLANG_CXX_LANGUAGE_STANDARD = "gnu++14";
				CLANG_CXX_LIBRARY = "libc++";
				CLANG_ENABLE_MODULES = YES;
				CLANG_ENABLE_OBJC_ARC = YES;
				CLANG_WARN_BLOCK_CAPTURE_AUTORELEASING = YES;
				CLANG_WARN_BOOL_CONVERSION = YES;
				CLANG_WARN_COMMA = YES;
				CLANG_WARN_CONSTANT_CONVERSION = YES;
				CLANG_WARN_DIRECT_OBJC_ISA_USAGE = YES_ERROR;
				CLANG_WARN_DOCUMENTATION_COMMENTS = YES;
				CLANG_WARN_EMPTY_BODY = YES;
				CLANG_WARN_ENUM_CONVERSION = YES;
				CLANG_WARN_INFINITE_RECURSION = YES;
				CLANG_WARN_INT_CONVERSION = YES;
				CLANG_WARN_NON_LITERAL_NULL_CONVERSION = YES;
				CLANG_WARN_OBJC_LITERAL_CONVERSION = YES;
				CLANG_WARN_OBJC_ROOT_CLASS = YES_ERROR;
				CLANG_WARN_RANGE_LOOP_ANALYSIS = YES;
				CLANG_WARN_STRICT_PROTOTYPES = YES;
				CLANG_WARN_SUSPICIOUS_MOVE = YES;
				CLANG_WARN_UNGUARDED_AVAILABILITY = YES_AGGRESSIVE;
				CLANG_WARN_UNREACHABLE_CODE = YES;
				CLANG_WARN__DUPLICATE_METHOD_MATCH = YES;
				CODE_SIGN_IDENTITY = "iPhone Developer";
				COPY_PHASE_STRIP = NO;
				DEBUG_INFORMATION_FORMAT = "dwarf-with-dsym";
				ENABLE_NS_ASSERTIONS = NO;
				ENABLE_STRICT_OBJC_MSGSEND = YES;
				GCC_C_LANGUAGE_STANDARD = gnu11;
				GCC_NO_COMMON_BLOCKS = YES;
				GCC_WARN_64_TO_32_BIT_CONVERSION = YES;
				GCC_WARN_ABOUT_RETURN_TYPE = YES_ERROR;
				GCC_WARN_UNDECLARED_SELECTOR = YES;
				GCC_WARN_UNINITIALIZED_AUTOS = YES_AGGRESSIVE;
				GCC_WARN_UNUSED_FUNCTION = YES;
				GCC_WARN_UNUSED_VARIABLE = YES;
				IPHONEOS_DEPLOYMENT_TARGET = 11.2;
				MTL_ENABLE_DEBUG_INFO = NO;
				SDKROOT = iphoneos;
				SWIFT_OPTIMIZATION_LEVEL = "-Owholemodule";
				VALIDATE_PRODUCT = YES;
			};
			name = Release;
		};
		14FF052220B6F9AC00AA35B0 /* Debug */ = {
			isa = XCBuildConfiguration;
			buildSettings = {
				ASSETCATALOG_COMPILER_APPICON_NAME = AppIcon;
				CODE_SIGN_STYLE = Automatic;
				DEVELOPMENT_TEAM = UGLEXXUKNA;
				INFOPLIST_FILE = "[8]pulltorefresh/Info.plist";
				LD_RUNPATH_SEARCH_PATHS = "$(inherited) @executable_path/Frameworks";
				PRODUCT_BUNDLE_IDENTIFIER = "io.github.kaqijiang.-8-pulltorefresh";
				PRODUCT_NAME = "$(TARGET_NAME)";
				SWIFT_VERSION = 4.0;
				TARGETED_DEVICE_FAMILY = "1,2";
			};
			name = Debug;
		};
		14FF052320B6F9AC00AA35B0 /* Release */ = {
			isa = XCBuildConfiguration;
			buildSettings = {
				ASSETCATALOG_COMPILER_APPICON_NAME = AppIcon;
				CODE_SIGN_STYLE = Automatic;
				DEVELOPMENT_TEAM = UGLEXXUKNA;
				INFOPLIST_FILE = "[8]pulltorefresh/Info.plist";
				LD_RUNPATH_SEARCH_PATHS = "$(inherited) @executable_path/Frameworks";
				PRODUCT_BUNDLE_IDENTIFIER = "io.github.kaqijiang.-8-pulltorefresh";
				PRODUCT_NAME = "$(TARGET_NAME)";
				SWIFT_VERSION = 4.0;
				TARGETED_DEVICE_FAMILY = "1,2";
			};
			name = Release;
		};
/* End XCBuildConfiguration section */

/* Begin XCConfigurationList section */
		14FF050A20B6F9AC00AA35B0 /* Build configuration list for PBXProject "[8]pulltorefresh" */ = {
			isa = XCConfigurationList;
			buildConfigurations = (
				14FF051F20B6F9AC00AA35B0 /* Debug */,
				14FF052020B6F9AC00AA35B0 /* Release */,
			);
			defaultConfigurationIsVisible = 0;
			defaultConfigurationName = Release;
		};
		14FF052120B6F9AC00AA35B0 /* Build configuration list for PBXNativeTarget "[8]pulltorefresh" */ = {
			isa = XCConfigurationList;
			buildConfigurations = (
				14FF052220B6F9AC00AA35B0 /* Debug */,
				14FF052320B6F9AC00AA35B0 /* Release */,
			);
			defaultConfigurationIsVisible = 0;
			defaultConfigurationName = Release;
		};
/* End XCConfigurationList section */
	};
	rootObject = 14FF050720B6F9AC00AA35B0 /* Project object */;
}
